// !$*UTF8*$!
{
	archiveVersion = 1;
	classes = {
	};
	objectVersion = 46;
	objects = {

/* Begin PBXBuildFile section */
		78A9B8641589E14900FEFFA8 /* Cocoa.framework in Frameworks */ = {isa = PBXBuildFile; fileRef = 78A9B8631589E14900FEFFA8 /* Cocoa.framework */; };
		78A9B86E1589E14900FEFFA8 /* InfoPlist.strings in Resources */ = {isa = PBXBuildFile; fileRef = 78A9B86C1589E14900FEFFA8 /* InfoPlist.strings */; };
		78A9B87A1589E14900FEFFA8 /* SenTestingKit.framework in Frameworks */ = {isa = PBXBuildFile; fileRef = 78A9B8791589E14900FEFFA8 /* SenTestingKit.framework */; };
		78A9B87B1589E14900FEFFA8 /* Cocoa.framework in Frameworks */ = {isa = PBXBuildFile; fileRef = 78A9B8631589E14900FEFFA8 /* Cocoa.framework */; };
		78A9B87E1589E14900FEFFA8 /* OCCukes.framework in Frameworks */ = {isa = PBXBuildFile; fileRef = 78A9B8601589E14900FEFFA8 /* OCCukes.framework */; };
		78A9B8841589E14900FEFFA8 /* InfoPlist.strings in Resources */ = {isa = PBXBuildFile; fileRef = 78A9B8821589E14900FEFFA8 /* InfoPlist.strings */; };
		78A9B8871589E14900FEFFA8 /* OCCukesTests.m in Sources */ = {isa = PBXBuildFile; fileRef = 78A9B8861589E14900FEFFA8 /* OCCukesTests.m */; };
		78A9B8951589E19400FEFFA8 /* Foundation.framework in Frameworks */ = {isa = PBXBuildFile; fileRef = 78A9B8941589E19400FEFFA8 /* Foundation.framework */; };
		78A9B8A21589E19500FEFFA8 /* SenTestingKit.framework in Frameworks */ = {isa = PBXBuildFile; fileRef = 78A9B8791589E14900FEFFA8 /* SenTestingKit.framework */; };
		78A9B8A41589E19500FEFFA8 /* UIKit.framework in Frameworks */ = {isa = PBXBuildFile; fileRef = 78A9B8A31589E19500FEFFA8 /* UIKit.framework */; };
		78A9B8A51589E19500FEFFA8 /* Foundation.framework in Frameworks */ = {isa = PBXBuildFile; fileRef = 78A9B8941589E19400FEFFA8 /* Foundation.framework */; };
		78A9B8A81589E19500FEFFA8 /* libOCCukesLib.a in Frameworks */ = {isa = PBXBuildFile; fileRef = 78A9B8931589E19400FEFFA8 /* libOCCukesLib.a */; };
		78A9B8B81589E31900FEFFA8 /* OCCukesTests.m in Sources */ = {isa = PBXBuildFile; fileRef = 78A9B8861589E14900FEFFA8 /* OCCukesTests.m */; };
/* End PBXBuildFile section */

/* Begin PBXContainerItemProxy section */
		78A9B87C1589E14900FEFFA8 /* PBXContainerItemProxy */ = {
			isa = PBXContainerItemProxy;
			containerPortal = 78A9B8511589E0BE00FEFFA8 /* Project object */;
			proxyType = 1;
			remoteGlobalIDString = 78A9B85F1589E14900FEFFA8;
			remoteInfo = OCCukes;
		};
		78A9B8A61589E19500FEFFA8 /* PBXContainerItemProxy */ = {
			isa = PBXContainerItemProxy;
			containerPortal = 78A9B8511589E0BE00FEFFA8 /* Project object */;
			proxyType = 1;
			remoteGlobalIDString = 78A9B8921589E19400FEFFA8;
			remoteInfo = OCCukesLib;
		};
/* End PBXContainerItemProxy section */

/* Begin PBXFileReference section */
		78A9B8601589E14900FEFFA8 /* OCCukes.framework */ = {isa = PBXFileReference; explicitFileType = wrapper.framework; includeInIndex = 0; path = OCCukes.framework; sourceTree = BUILT_PRODUCTS_DIR; };
		78A9B8631589E14900FEFFA8 /* Cocoa.framework */ = {isa = PBXFileReference; lastKnownFileType = wrapper.framework; name = Cocoa.framework; path = System/Library/Frameworks/Cocoa.framework; sourceTree = SDKROOT; };
		78A9B8661589E14900FEFFA8 /* AppKit.framework */ = {isa = PBXFileReference; lastKnownFileType = wrapper.framework; name = AppKit.framework; path = System/Library/Frameworks/AppKit.framework; sourceTree = SDKROOT; };
		78A9B8671589E14900FEFFA8 /* CoreData.framework */ = {isa = PBXFileReference; lastKnownFileType = wrapper.framework; name = CoreData.framework; path = System/Library/Frameworks/CoreData.framework; sourceTree = SDKROOT; };
		78A9B8681589E14900FEFFA8 /* Foundation.framework */ = {isa = PBXFileReference; lastKnownFileType = wrapper.framework; name = Foundation.framework; path = System/Library/Frameworks/Foundation.framework; sourceTree = SDKROOT; };
		78A9B86B1589E14900FEFFA8 /* OCCukes-Info.plist */ = {isa = PBXFileReference; lastKnownFileType = text.plist.xml; path = "OCCukes-Info.plist"; sourceTree = "<group>"; };
		78A9B86D1589E14900FEFFA8 /* en */ = {isa = PBXFileReference; lastKnownFileType = text.plist.strings; name = en; path = en.lproj/InfoPlist.strings; sourceTree = "<group>"; };
		78A9B86F1589E14900FEFFA8 /* OCCukes-Prefix.pch */ = {isa = PBXFileReference; lastKnownFileType = sourcecode.c.h; path = "OCCukes-Prefix.pch"; sourceTree = "<group>"; };
		78A9B8701589E14900FEFFA8 /* OCCukes.h */ = {isa = PBXFileReference; lastKnownFileType = sourcecode.c.h; path = OCCukes.h; sourceTree = "<group>"; };
		78A9B8781589E14900FEFFA8 /* OCCukesTests.octest */ = {isa = PBXFileReference; explicitFileType = wrapper.cfbundle; includeInIndex = 0; path = OCCukesTests.octest; sourceTree = BUILT_PRODUCTS_DIR; };
		78A9B8791589E14900FEFFA8 /* SenTestingKit.framework */ = {isa = PBXFileReference; lastKnownFileType = wrapper.framework; name = SenTestingKit.framework; path = Library/Frameworks/SenTestingKit.framework; sourceTree = DEVELOPER_DIR; };
		78A9B8811589E14900FEFFA8 /* OCCukesTests-Info.plist */ = {isa = PBXFileReference; lastKnownFileType = text.plist.xml; path = "OCCukesTests-Info.plist"; sourceTree = "<group>"; };
		78A9B8831589E14900FEFFA8 /* en */ = {isa = PBXFileReference; lastKnownFileType = text.plist.strings; name = en; path = en.lproj/InfoPlist.strings; sourceTree = "<group>"; };
		78A9B8851589E14900FEFFA8 /* OCCukesTests.h */ = {isa = PBXFileReference; lastKnownFileType = sourcecode.c.h; path = OCCukesTests.h; sourceTree = "<group>"; };
		78A9B8861589E14900FEFFA8 /* OCCukesTests.m */ = {isa = PBXFileReference; lastKnownFileType = sourcecode.c.objc; path = OCCukesTests.m; sourceTree = "<group>"; };
		78A9B8931589E19400FEFFA8 /* libOCCukesLib.a */ = {isa = PBXFileReference; explicitFileType = archive.ar; includeInIndex = 0; path = libOCCukesLib.a; sourceTree = BUILT_PRODUCTS_DIR; };
		78A9B8941589E19400FEFFA8 /* Foundation.framework */ = {isa = PBXFileReference; lastKnownFileType = wrapper.framework; name = Foundation.framework; path = System/Library/Frameworks/Foundation.framework; sourceTree = SDKROOT; };
		78A9B8981589E19400FEFFA8 /* OCCukesLib-Prefix.pch */ = {isa = PBXFileReference; lastKnownFileType = sourcecode.c.h; path = "OCCukesLib-Prefix.pch"; sourceTree = "<group>"; };
		78A9B8A11589E19500FEFFA8 /* OCCukesLibTests.octest */ = {isa = PBXFileReference; explicitFileType = wrapper.cfbundle; includeInIndex = 0; path = OCCukesLibTests.octest; sourceTree = BUILT_PRODUCTS_DIR; };
		78A9B8A31589E19500FEFFA8 /* UIKit.framework */ = {isa = PBXFileReference; lastKnownFileType = wrapper.framework; name = UIKit.framework; path = Library/Frameworks/UIKit.framework; sourceTree = DEVELOPER_DIR; };
/* End PBXFileReference section */

/* Begin PBXFrameworksBuildPhase section */
		78A9B85C1589E14900FEFFA8 /* Frameworks */ = {
			isa = PBXFrameworksBuildPhase;
			buildActionMask = 2147483647;
			files = (
				78A9B8641589E14900FEFFA8 /* Cocoa.framework in Frameworks */,
			);
			runOnlyForDeploymentPostprocessing = 0;
		};
		78A9B8741589E14900FEFFA8 /* Frameworks */ = {
			isa = PBXFrameworksBuildPhase;
			buildActionMask = 2147483647;
			files = (
				78A9B87A1589E14900FEFFA8 /* SenTestingKit.framework in Frameworks */,
				78A9B87B1589E14900FEFFA8 /* Cocoa.framework in Frameworks */,
				78A9B87E1589E14900FEFFA8 /* OCCukes.framework in Frameworks */,
			);
			runOnlyForDeploymentPostprocessing = 0;
		};
		78A9B8901589E19400FEFFA8 /* Frameworks */ = {
			isa = PBXFrameworksBuildPhase;
			buildActionMask = 2147483647;
			files = (
				78A9B8951589E19400FEFFA8 /* Foundation.framework in Frameworks */,
			);
			runOnlyForDeploymentPostprocessing = 0;
		};
		78A9B89D1589E19500FEFFA8 /* Frameworks */ = {
			isa = PBXFrameworksBuildPhase;
			buildActionMask = 2147483647;
			files = (
				78A9B8A21589E19500FEFFA8 /* SenTestingKit.framework in Frameworks */,
				78A9B8A41589E19500FEFFA8 /* UIKit.framework in Frameworks */,
				78A9B8A51589E19500FEFFA8 /* Foundation.framework in Frameworks */,
				78A9B8A81589E19500FEFFA8 /* libOCCukesLib.a in Frameworks */,
			);
			runOnlyForDeploymentPostprocessing = 0;
		};
/* End PBXFrameworksBuildPhase section */

/* Begin PBXGroup section */
		78A9B84F1589E0BE00FEFFA8 = {
			isa = PBXGroup;
			children = (
				78A9B8691589E14900FEFFA8 /* OCCukes */,
				78A9B87F1589E14900FEFFA8 /* OCCukesTests */,
				78A9B8961589E19400FEFFA8 /* OCCukesLib */,
				78A9B8621589E14900FEFFA8 /* Frameworks */,
				78A9B8611589E14900FEFFA8 /* Products */,
			);
			sourceTree = "<group>";
		};
		78A9B8611589E14900FEFFA8 /* Products */ = {
			isa = PBXGroup;
			children = (
				78A9B8601589E14900FEFFA8 /* OCCukes.framework */,
				78A9B8781589E14900FEFFA8 /* OCCukesTests.octest */,
				78A9B8931589E19400FEFFA8 /* libOCCukesLib.a */,
				78A9B8A11589E19500FEFFA8 /* OCCukesLibTests.octest */,
			);
			name = Products;
			sourceTree = "<group>";
		};
		78A9B8621589E14900FEFFA8 /* Frameworks */ = {
			isa = PBXGroup;
			children = (
				78A9B8631589E14900FEFFA8 /* Cocoa.framework */,
				78A9B8791589E14900FEFFA8 /* SenTestingKit.framework */,
				78A9B8941589E19400FEFFA8 /* Foundation.framework */,
				78A9B8A31589E19500FEFFA8 /* UIKit.framework */,
				78A9B8651589E14900FEFFA8 /* Other Frameworks */,
			);
			name = Frameworks;
			sourceTree = "<group>";
		};
		78A9B8651589E14900FEFFA8 /* Other Frameworks */ = {
			isa = PBXGroup;
			children = (
				78A9B8661589E14900FEFFA8 /* AppKit.framework */,
				78A9B8671589E14900FEFFA8 /* CoreData.framework */,
				78A9B8681589E14900FEFFA8 /* Foundation.framework */,
			);
			name = "Other Frameworks";
			sourceTree = "<group>";
		};
		78A9B8691589E14900FEFFA8 /* OCCukes */ = {
			isa = PBXGroup;
			children = (
				78A9B8701589E14900FEFFA8 /* OCCukes.h */,
				78A9B86A1589E14900FEFFA8 /* Supporting Files */,
			);
			path = OCCukes;
			sourceTree = "<group>";
		};
		78A9B86A1589E14900FEFFA8 /* Supporting Files */ = {
			isa = PBXGroup;
			children = (
				78A9B86B1589E14900FEFFA8 /* OCCukes-Info.plist */,
				78A9B86C1589E14900FEFFA8 /* InfoPlist.strings */,
				78A9B86F1589E14900FEFFA8 /* OCCukes-Prefix.pch */,
			);
			name = "Supporting Files";
			sourceTree = "<group>";
		};
		78A9B87F1589E14900FEFFA8 /* OCCukesTests */ = {
			isa = PBXGroup;
			children = (
				78A9B8851589E14900FEFFA8 /* OCCukesTests.h */,
				78A9B8861589E14900FEFFA8 /* OCCukesTests.m */,
				78A9B8801589E14900FEFFA8 /* Supporting Files */,
			);
			path = OCCukesTests;
			sourceTree = "<group>";
		};
		78A9B8801589E14900FEFFA8 /* Supporting Files */ = {
			isa = PBXGroup;
			children = (
				78A9B8811589E14900FEFFA8 /* OCCukesTests-Info.plist */,
				78A9B8821589E14900FEFFA8 /* InfoPlist.strings */,
			);
			name = "Supporting Files";
			sourceTree = "<group>";
		};
		78A9B8961589E19400FEFFA8 /* OCCukesLib */ = {
			isa = PBXGroup;
			children = (
				78A9B8971589E19400FEFFA8 /* Supporting Files */,
			);
			path = OCCukesLib;
			sourceTree = "<group>";
		};
		78A9B8971589E19400FEFFA8 /* Supporting Files */ = {
			isa = PBXGroup;
			children = (
				78A9B8981589E19400FEFFA8 /* OCCukesLib-Prefix.pch */,
			);
			name = "Supporting Files";
			sourceTree = "<group>";
		};
/* End PBXGroup section */

/* Begin PBXHeadersBuildPhase section */
		78A9B85D1589E14900FEFFA8 /* Headers */ = {
			isa = PBXHeadersBuildPhase;
			buildActionMask = 2147483647;
			files = (
			);
			runOnlyForDeploymentPostprocessing = 0;
		};
		78A9B8911589E19400FEFFA8 /* Headers */ = {
			isa = PBXHeadersBuildPhase;
			buildActionMask = 2147483647;
			files = (
			);
			runOnlyForDeploymentPostprocessing = 0;
		};
/* End PBXHeadersBuildPhase section */

/* Begin PBXNativeTarget section */
		78A9B85F1589E14900FEFFA8 /* OCCukes */ = {
			isa = PBXNativeTarget;
			buildConfigurationList = 78A9B88C1589E14900FEFFA8 /* Build configuration list for PBXNativeTarget "OCCukes" */;
			buildPhases = (
				78A9B85B1589E14900FEFFA8 /* Sources */,
				78A9B85C1589E14900FEFFA8 /* Frameworks */,
				78A9B85D1589E14900FEFFA8 /* Headers */,
				78A9B85E1589E14900FEFFA8 /* Resources */,
			);
			buildRules = (
			);
			dependencies = (
			);
			name = OCCukes;
			productName = OCCukes;
			productReference = 78A9B8601589E14900FEFFA8 /* OCCukes.framework */;
			productType = "com.apple.product-type.framework";
		};
		78A9B8771589E14900FEFFA8 /* OCCukesTests */ = {
			isa = PBXNativeTarget;
			buildConfigurationList = 78A9B88D1589E14900FEFFA8 /* Build configuration list for PBXNativeTarget "OCCukesTests" */;
			buildPhases = (
				78A9B8731589E14900FEFFA8 /* Sources */,
				78A9B8741589E14900FEFFA8 /* Frameworks */,
				78A9B8751589E14900FEFFA8 /* Resources */,
				78A9B8761589E14900FEFFA8 /* ShellScript */,
			);
			buildRules = (
			);
			dependencies = (
				78A9B87D1589E14900FEFFA8 /* PBXTargetDependency */,
			);
			name = OCCukesTests;
			productName = OCCukesTests;
			productReference = 78A9B8781589E14900FEFFA8 /* OCCukesTests.octest */;
			productType = "com.apple.product-type.bundle";
		};
		78A9B8921589E19400FEFFA8 /* OCCukesLib */ = {
			isa = PBXNativeTarget;
			buildConfigurationList = 78A9B8B21589E19500FEFFA8 /* Build configuration list for PBXNativeTarget "OCCukesLib" */;
			buildPhases = (
				78A9B88F1589E19400FEFFA8 /* Sources */,
				78A9B8901589E19400FEFFA8 /* Frameworks */,
				78A9B8911589E19400FEFFA8 /* Headers */,
			);
			buildRules = (
			);
			dependencies = (
			);
			name = OCCukesLib;
			productName = OCCukesLib;
			productReference = 78A9B8931589E19400FEFFA8 /* libOCCukesLib.a */;
			productType = "com.apple.product-type.library.static";
		};
		78A9B8A01589E19500FEFFA8 /* OCCukesLibTests */ = {
			isa = PBXNativeTarget;
			buildConfigurationList = 78A9B8B51589E19500FEFFA8 /* Build configuration list for PBXNativeTarget "OCCukesLibTests" */;
			buildPhases = (
				78A9B89C1589E19500FEFFA8 /* Sources */,
				78A9B89D1589E19500FEFFA8 /* Frameworks */,
				78A9B89E1589E19500FEFFA8 /* Resources */,
				78A9B89F1589E19500FEFFA8 /* ShellScript */,
			);
			buildRules = (
			);
			dependencies = (
				78A9B8A71589E19500FEFFA8 /* PBXTargetDependency */,
			);
			name = OCCukesLibTests;
			productName = OCCukesLibTests;
			productReference = 78A9B8A11589E19500FEFFA8 /* OCCukesLibTests.octest */;
			productType = "com.apple.product-type.bundle";
		};
/* End PBXNativeTarget section */

/* Begin PBXProject section */
		78A9B8511589E0BE00FEFFA8 /* Project object */ = {
			isa = PBXProject;
			attributes = {
				LastUpgradeCheck = 0430;
				ORGANIZATIONNAME = "Pioneering Software, United Kingdom";
			};
			buildConfigurationList = 78A9B8541589E0BE00FEFFA8 /* Build configuration list for PBXProject "OCCukes" */;
			compatibilityVersion = "Xcode 3.2";
			developmentRegion = English;
			hasScannedForEncodings = 0;
			knownRegions = (
				en,
			);
			mainGroup = 78A9B84F1589E0BE00FEFFA8;
			productRefGroup = 78A9B8611589E14900FEFFA8 /* Products */;
			projectDirPath = "";
			projectRoot = "";
			targets = (
				78A9B85F1589E14900FEFFA8 /* OCCukes */,
				78A9B8771589E14900FEFFA8 /* OCCukesTests */,
				78A9B8921589E19400FEFFA8 /* OCCukesLib */,
				78A9B8A01589E19500FEFFA8 /* OCCukesLibTests */,
			);
		};
/* End PBXProject section */

/* Begin PBXResourcesBuildPhase section */
		78A9B85E1589E14900FEFFA8 /* Resources */ = {
			isa = PBXResourcesBuildPhase;
			buildActionMask = 2147483647;
			files = (
				78A9B86E1589E14900FEFFA8 /* InfoPlist.strings in Resources */,
			);
			runOnlyForDeploymentPostprocessing = 0;
		};
		78A9B8751589E14900FEFFA8 /* Resources */ = {
			isa = PBXResourcesBuildPhase;
			buildActionMask = 2147483647;
			files = (
				78A9B8841589E14900FEFFA8 /* InfoPlist.strings in Resources */,
			);
			runOnlyForDeploymentPostprocessing = 0;
		};
		78A9B89E1589E19500FEFFA8 /* Resources */ = {
			isa = PBXResourcesBuildPhase;
			buildActionMask = 2147483647;
			files = (
			);
			runOnlyForDeploymentPostprocessing = 0;
		};
/* End PBXResourcesBuildPhase section */

/* Begin PBXShellScriptBuildPhase section */
		78A9B8761589E14900FEFFA8 /* ShellScript */ = {
			isa = PBXShellScriptBuildPhase;
			buildActionMask = 2147483647;
			files = (
			);
			inputPaths = (
			);
			outputPaths = (
			);
			runOnlyForDeploymentPostprocessing = 0;
			shellPath = /bin/sh;
			shellScript = "# Run the unit tests in this test bundle.\n\"${SYSTEM_DEVELOPER_DIR}/Tools/RunUnitTests\"\n";
		};
		78A9B89F1589E19500FEFFA8 /* ShellScript */ = {
			isa = PBXShellScriptBuildPhase;
			buildActionMask = 2147483647;
			files = (
			);
			inputPaths = (
			);
			outputPaths = (
			);
			runOnlyForDeploymentPostprocessing = 0;
			shellPath = /bin/sh;
			shellScript = "# Run the unit tests in this test bundle.\n\"${SYSTEM_DEVELOPER_DIR}/Tools/RunUnitTests\"\n";
		};
/* End PBXShellScriptBuildPhase section */

/* Begin PBXSourcesBuildPhase section */
		78A9B85B1589E14900FEFFA8 /* Sources */ = {
			isa = PBXSourcesBuildPhase;
			buildActionMask = 2147483647;
			files = (
			);
			runOnlyForDeploymentPostprocessing = 0;
		};
		78A9B8731589E14900FEFFA8 /* Sources */ = {
			isa = PBXSourcesBuildPhase;
			buildActionMask = 2147483647;
			files = (
				78A9B8871589E14900FEFFA8 /* OCCukesTests.m in Sources */,
			);
			runOnlyForDeploymentPostprocessing = 0;
		};
		78A9B88F1589E19400FEFFA8 /* Sources */ = {
			isa = PBXSourcesBuildPhase;
			buildActionMask = 2147483647;
			files = (
			);
			runOnlyForDeploymentPostprocessing = 0;
		};
		78A9B89C1589E19500FEFFA8 /* Sources */ = {
			isa = PBXSourcesBuildPhase;
			buildActionMask = 2147483647;
			files = (
				78A9B8B81589E31900FEFFA8 /* OCCukesTests.m in Sources */,
			);
			runOnlyForDeploymentPostprocessing = 0;
		};
/* End PBXSourcesBuildPhase section */

/* Begin PBXTargetDependency section */
		78A9B87D1589E14900FEFFA8 /* PBXTargetDependency */ = {
			isa = PBXTargetDependency;
			target = 78A9B85F1589E14900FEFFA8 /* OCCukes */;
			targetProxy = 78A9B87C1589E14900FEFFA8 /* PBXContainerItemProxy */;
		};
		78A9B8A71589E19500FEFFA8 /* PBXTargetDependency */ = {
			isa = PBXTargetDependency;
			target = 78A9B8921589E19400FEFFA8 /* OCCukesLib */;
			targetProxy = 78A9B8A61589E19500FEFFA8 /* PBXContainerItemProxy */;
		};
/* End PBXTargetDependency section */

/* Begin PBXVariantGroup section */
		78A9B86C1589E14900FEFFA8 /* InfoPlist.strings */ = {
			isa = PBXVariantGroup;
			children = (
				78A9B86D1589E14900FEFFA8 /* en */,
			);
			name = InfoPlist.strings;
			sourceTree = "<group>";
		};
		78A9B8821589E14900FEFFA8 /* InfoPlist.strings */ = {
			isa = PBXVariantGroup;
			children = (
				78A9B8831589E14900FEFFA8 /* en */,
			);
			name = InfoPlist.strings;
			sourceTree = "<group>";
		};
/* End PBXVariantGroup section */

/* Begin XCBuildConfiguration section */
		78A9B8561589E0BE00FEFFA8 /* Debug */ = {
			isa = XCBuildConfiguration;
			buildSettings = {
			};
			name = Debug;
		};
		78A9B8571589E0BE00FEFFA8 /* Release */ = {
			isa = XCBuildConfiguration;
			buildSettings = {
			};
			name = Release;
		};
		78A9B8881589E14900FEFFA8 /* Debug */ = {
			isa = XCBuildConfiguration;
			buildSettings = {
				ALWAYS_SEARCH_USER_PATHS = NO;
				ARCHS = "$(ARCHS_STANDARD_64_BIT)";
				CLANG_ENABLE_OBJC_ARC = YES;
				COPY_PHASE_STRIP = NO;
				DYLIB_COMPATIBILITY_VERSION = 1;
				DYLIB_CURRENT_VERSION = 1;
				FRAMEWORK_VERSION = A;
				GCC_C_LANGUAGE_STANDARD = gnu99;
				GCC_DYNAMIC_NO_PIC = NO;
				GCC_ENABLE_OBJC_EXCEPTIONS = YES;
				GCC_OPTIMIZATION_LEVEL = 0;
				GCC_PRECOMPILE_PREFIX_HEADER = YES;
				GCC_PREFIX_HEADER = "OCCukes/OCCukes-Prefix.pch";
				GCC_PREPROCESSOR_DEFINITIONS = (
					"DEBUG=1",
					"$(inherited)",
				);
				GCC_SYMBOLS_PRIVATE_EXTERN = NO;
				GCC_VERSION = com.apple.compilers.llvm.clang.1_0;
				GCC_WARN_64_TO_32_BIT_CONVERSION = YES;
				GCC_WARN_ABOUT_RETURN_TYPE = YES;
				GCC_WARN_UNINITIALIZED_AUTOS = YES;
				GCC_WARN_UNUSED_VARIABLE = YES;
				INFOPLIST_FILE = "OCCukes/OCCukes-Info.plist";
				MACOSX_DEPLOYMENT_TARGET = 10.7;
				ONLY_ACTIVE_ARCH = YES;
				PRODUCT_NAME = "$(TARGET_NAME)";
				SDKROOT = macosx;
				WRAPPER_EXTENSION = framework;
			};
			name = Debug;
		};
		78A9B8891589E14900FEFFA8 /* Release */ = {
			isa = XCBuildConfiguration;
			buildSettings = {
				ALWAYS_SEARCH_USER_PATHS = NO;
				ARCHS = "$(ARCHS_STANDARD_64_BIT)";
				CLANG_ENABLE_OBJC_ARC = YES;
				COPY_PHASE_STRIP = YES;
				DEBUG_INFORMATION_FORMAT = "dwarf-with-dsym";
				DYLIB_COMPATIBILITY_VERSION = 1;
				DYLIB_CURRENT_VERSION = 1;
				FRAMEWORK_VERSION = A;
				GCC_C_LANGUAGE_STANDARD = gnu99;
				GCC_ENABLE_OBJC_EXCEPTIONS = YES;
				GCC_PRECOMPILE_PREFIX_HEADER = YES;
				GCC_PREFIX_HEADER = "OCCukes/OCCukes-Prefix.pch";
				GCC_VERSION = com.apple.compilers.llvm.clang.1_0;
				GCC_WARN_64_TO_32_BIT_CONVERSION = YES;
				GCC_WARN_ABOUT_RETURN_TYPE = YES;
				GCC_WARN_UNINITIALIZED_AUTOS = YES;
				GCC_WARN_UNUSED_VARIABLE = YES;
				INFOPLIST_FILE = "OCCukes/OCCukes-Info.plist";
				MACOSX_DEPLOYMENT_TARGET = 10.7;
				PRODUCT_NAME = "$(TARGET_NAME)";
				SDKROOT = macosx;
				WRAPPER_EXTENSION = framework;
			};
			name = Release;
		};
		78A9B88A1589E14900FEFFA8 /* Debug */ = {
			isa = XCBuildConfiguration;
			buildSettings = {
				ALWAYS_SEARCH_USER_PATHS = NO;
				ARCHS = "$(ARCHS_STANDARD_64_BIT)";
				CLANG_ENABLE_OBJC_ARC = YES;
				COPY_PHASE_STRIP = NO;
				FRAMEWORK_SEARCH_PATHS = "$(DEVELOPER_LIBRARY_DIR)/Frameworks";
				GCC_C_LANGUAGE_STANDARD = gnu99;
				GCC_DYNAMIC_NO_PIC = NO;
				GCC_ENABLE_OBJC_EXCEPTIONS = YES;
				GCC_OPTIMIZATION_LEVEL = 0;
				GCC_PRECOMPILE_PREFIX_HEADER = YES;
				GCC_PREFIX_HEADER = "OCCukes/OCCukes-Prefix.pch";
				GCC_PREPROCESSOR_DEFINITIONS = (
					"DEBUG=1",
					"$(inherited)",
				);
				GCC_SYMBOLS_PRIVATE_EXTERN = NO;
				GCC_VERSION = com.apple.compilers.llvm.clang.1_0;
				GCC_WARN_64_TO_32_BIT_CONVERSION = YES;
				GCC_WARN_ABOUT_RETURN_TYPE = YES;
				GCC_WARN_UNINITIALIZED_AUTOS = YES;
				GCC_WARN_UNUSED_VARIABLE = YES;
				INFOPLIST_FILE = "OCCukesTests/OCCukesTests-Info.plist";
				MACOSX_DEPLOYMENT_TARGET = 10.7;
				ONLY_ACTIVE_ARCH = YES;
				PRODUCT_NAME = "$(TARGET_NAME)";
				SDKROOT = macosx;
				WRAPPER_EXTENSION = octest;
			};
			name = Debug;
		};
		78A9B88B1589E14900FEFFA8 /* Release */ = {
			isa = XCBuildConfiguration;
			buildSettings = {
				ALWAYS_SEARCH_USER_PATHS = NO;
				ARCHS = "$(ARCHS_STANDARD_64_BIT)";
				CLANG_ENABLE_OBJC_ARC = YES;
				COPY_PHASE_STRIP = YES;
				DEBUG_INFORMATION_FORMAT = "dwarf-with-dsym";
				FRAMEWORK_SEARCH_PATHS = "$(DEVELOPER_LIBRARY_DIR)/Frameworks";
				GCC_C_LANGUAGE_STANDARD = gnu99;
				GCC_ENABLE_OBJC_EXCEPTIONS = YES;
				GCC_PRECOMPILE_PREFIX_HEADER = YES;
				GCC_PREFIX_HEADER = "OCCukes/OCCukes-Prefix.pch";
				GCC_VERSION = com.apple.compilers.llvm.clang.1_0;
				GCC_WARN_64_TO_32_BIT_CONVERSION = YES;
				GCC_WARN_ABOUT_RETURN_TYPE = YES;
				GCC_WARN_UNINITIALIZED_AUTOS = YES;
				GCC_WARN_UNUSED_VARIABLE = YES;
				INFOPLIST_FILE = "OCCukesTests/OCCukesTests-Info.plist";
				MACOSX_DEPLOYMENT_TARGET = 10.7;
				PRODUCT_NAME = "$(TARGET_NAME)";
				SDKROOT = macosx;
				WRAPPER_EXTENSION = octest;
			};
			name = Release;
		};
		78A9B8B31589E19500FEFFA8 /* Debug */ = {
			isa = XCBuildConfiguration;
			buildSettings = {
				ALWAYS_SEARCH_USER_PATHS = NO;
				ARCHS = "$(ARCHS_STANDARD_32_BIT)";
				CLANG_ENABLE_OBJC_ARC = YES;
				COPY_PHASE_STRIP = NO;
				DSTROOT = /tmp/OCCukesLib.dst;
				GCC_C_LANGUAGE_STANDARD = gnu99;
				GCC_DYNAMIC_NO_PIC = NO;
				GCC_OPTIMIZATION_LEVEL = 0;
				GCC_PRECOMPILE_PREFIX_HEADER = YES;
				GCC_PREFIX_HEADER = "OCCukesLib/OCCukesLib-Prefix.pch";
				GCC_PREPROCESSOR_DEFINITIONS = (
					"DEBUG=1",
					"$(inherited)",
				);
				GCC_SYMBOLS_PRIVATE_EXTERN = NO;
				GCC_VERSION = com.apple.compilers.llvm.clang.1_0;
				GCC_WARN_ABOUT_RETURN_TYPE = YES;
				GCC_WARN_UNINITIALIZED_AUTOS = YES;
				GCC_WARN_UNUSED_VARIABLE = YES;
				IPHONEOS_DEPLOYMENT_TARGET = 5.1;
				OTHER_LDFLAGS = "-ObjC";
				PRODUCT_NAME = "$(TARGET_NAME)";
				SDKROOT = iphoneos;
				SKIP_INSTALL = YES;
			};
			name = Debug;
		};
		78A9B8B41589E19500FEFFA8 /* Release */ = {
			isa = XCBuildConfiguration;
			buildSettings = {
				ALWAYS_SEARCH_USER_PATHS = NO;
				ARCHS = "$(ARCHS_STANDARD_32_BIT)";
				CLANG_ENABLE_OBJC_ARC = YES;
				COPY_PHASE_STRIP = YES;
				DSTROOT = /tmp/OCCukesLib.dst;
				GCC_C_LANGUAGE_STANDARD = gnu99;
				GCC_PRECOMPILE_PREFIX_HEADER = YES;
				GCC_PREFIX_HEADER = "OCCukesLib/OCCukesLib-Prefix.pch";
				GCC_VERSION = com.apple.compilers.llvm.clang.1_0;
				GCC_WARN_ABOUT_RETURN_TYPE = YES;
				GCC_WARN_UNINITIALIZED_AUTOS = YES;
				GCC_WARN_UNUSED_VARIABLE = YES;
				IPHONEOS_DEPLOYMENT_TARGET = 5.1;
				OTHER_LDFLAGS = "-ObjC";
				PRODUCT_NAME = "$(TARGET_NAME)";
				SDKROOT = iphoneos;
				SKIP_INSTALL = YES;
				VALIDATE_PRODUCT = YES;
			};
			name = Release;
		};
		78A9B8B61589E19500FEFFA8 /* Debug */ = {
			isa = XCBuildConfiguration;
			buildSettings = {
				ALWAYS_SEARCH_USER_PATHS = NO;
				ARCHS = "$(ARCHS_STANDARD_32_BIT)";
				CLANG_ENABLE_OBJC_ARC = YES;
				COPY_PHASE_STRIP = NO;
				FRAMEWORK_SEARCH_PATHS = (
					"$(SDKROOT)/Developer/Library/Frameworks",
					"$(DEVELOPER_LIBRARY_DIR)/Frameworks",
				);
				GCC_C_LANGUAGE_STANDARD = gnu99;
				GCC_DYNAMIC_NO_PIC = NO;
				GCC_OPTIMIZATION_LEVEL = 0;
				GCC_PRECOMPILE_PREFIX_HEADER = YES;
				GCC_PREFIX_HEADER = "OCCukesLib/OCCukesLib-Prefix.pch";
				GCC_PREPROCESSOR_DEFINITIONS = (
					"DEBUG=1",
					"$(inherited)",
				);
				GCC_SYMBOLS_PRIVATE_EXTERN = NO;
				GCC_VERSION = com.apple.compilers.llvm.clang.1_0;
				GCC_WARN_ABOUT_RETURN_TYPE = YES;
				GCC_WARN_UNINITIALIZED_AUTOS = YES;
				GCC_WARN_UNUSED_VARIABLE = YES;
				INFOPLIST_FILE = "OCCukesTests/OCCukesTests-Info.plist";
				IPHONEOS_DEPLOYMENT_TARGET = 5.1;
				PRODUCT_NAME = "$(TARGET_NAME)";
				SDKROOT = iphoneos;
				WRAPPER_EXTENSION = octest;
			};
			name = Debug;
		};
		78A9B8B71589E19500FEFFA8 /* Release */ = {
			isa = XCBuildConfiguration;
			buildSettings = {
				ALWAYS_SEARCH_USER_PATHS = NO;
				ARCHS = "$(ARCHS_STANDARD_32_BIT)";
				CLANG_ENABLE_OBJC_ARC = YES;
				COPY_PHASE_STRIP = YES;
				FRAMEWORK_SEARCH_PATHS = (
					"$(SDKROOT)/Developer/Library/Frameworks",
					"$(DEVELOPER_LIBRARY_DIR)/Frameworks",
				);
				GCC_C_LANGUAGE_STANDARD = gnu99;
				GCC_PRECOMPILE_PREFIX_HEADER = YES;
				GCC_PREFIX_HEADER = "OCCukesLib/OCCukesLib-Prefix.pch";
				GCC_VERSION = com.apple.compilers.llvm.clang.1_0;
				GCC_WARN_ABOUT_RETURN_TYPE = YES;
				GCC_WARN_UNINITIALIZED_AUTOS = YES;
				GCC_WARN_UNUSED_VARIABLE = YES;
				INFOPLIST_FILE = "OCCukesTests/OCCukesTests-Info.plist";
				IPHONEOS_DEPLOYMENT_TARGET = 5.1;
				PRODUCT_NAME = "$(TARGET_NAME)";
				SDKROOT = iphoneos;
				VALIDATE_PRODUCT = YES;
				WRAPPER_EXTENSION = octest;
			};
			name = Release;
		};
/* End XCBuildConfiguration section */

/* Begin XCConfigurationList section */
		78A9B8541589E0BE00FEFFA8 /* Build configuration list for PBXProject "OCCukes" */ = {
			isa = XCConfigurationList;
			buildConfigurations = (
				78A9B8561589E0BE00FEFFA8 /* Debug */,
				78A9B8571589E0BE00FEFFA8 /* Release */,
			);
			defaultConfigurationIsVisible = 0;
			defaultConfigurationName = Release;
		};
		78A9B88C1589E14900FEFFA8 /* Build configuration list for PBXNativeTarget "OCCukes" */ = {
			isa = XCConfigurationList;
			buildConfigurations = (
				78A9B8881589E14900FEFFA8 /* Debug */,
				78A9B8891589E14900FEFFA8 /* Release */,
			);
			defaultConfigurationIsVisible = 0;
			defaultConfigurationName = Release;
		};
		78A9B88D1589E14900FEFFA8 /* Build configuration list for PBXNativeTarget "OCCukesTests" */ = {
			isa = XCConfigurationList;
			buildConfigurations = (
				78A9B88A1589E14900FEFFA8 /* Debug */,
				78A9B88B1589E14900FEFFA8 /* Release */,
			);
			defaultConfigurationIsVisible = 0;
			defaultConfigurationName = Release;
		};
		78A9B8B21589E19500FEFFA8 /* Build configuration list for PBXNativeTarget "OCCukesLib" */ = {
			isa = XCConfigurationList;
			buildConfigurations = (
				78A9B8B31589E19500FEFFA8 /* Debug */,
				78A9B8B41589E19500FEFFA8 /* Release */,
			);
			defaultConfigurationIsVisible = 0;
			defaultConfigurationName = Release;
		};
		78A9B8B51589E19500FEFFA8 /* Build configuration list for PBXNativeTarget "OCCukesLibTests" */ = {
			isa = XCConfigurationList;
			buildConfigurations = (
				78A9B8B61589E19500FEFFA8 /* Debug */,
				78A9B8B71589E19500FEFFA8 /* Release */,
			);
			defaultConfigurationIsVisible = 0;
			defaultConfigurationName = Release;
		};
/* End XCConfigurationList section */
	};
	rootObject = 78A9B8511589E0BE00FEFFA8 /* Project object */;
}
